
Microsoft Visual Studio Solution File, Format Version 12.00
# Visual Studio 14
VisualStudioVersion = 14.0.23107.0
MinimumVisualStudioVersion = 10.0.40219.1
Project("{FAE04EC0-301F-11D3-BF4B-00C04F79EFBC}") = "ControlPresupuesto.Data", "ControlPresupuesto.Data\ControlPresupuesto.Data.csproj", "{842138EE-6704-4C85-A93D-D89DA4205B91}"
EndProject
Project("{FAE04EC0-301F-11D3-BF4B-00C04F79EFBC}") = "ControlPresupuesto.Entity", "ControlPresupuesto.Entity\ControlPresupuesto.Entity.csproj", "{F10A3D27-E95C-4623-B184-8561A81619BE}"
EndProject
Project("{FAE04EC0-301F-11D3-BF4B-00C04F79EFBC}") = "ControlPresupuesto.Logic", "ControlPresupuesto.Logic\ControlPresupuesto.Logic.csproj", "{02E00847-ED26-4A9D-84DE-E9C833E30141}"
EndProject
Project("{FAE04EC0-301F-11D3-BF4B-00C04F79EFBC}") = "MerchFront", "MerchFront\MerchFront.csproj", "{90FB51A7-0A99-4DE1-92C7-9A16A05B00BC}"
EndProject
Project("{FAE04EC0-301F-11D3-BF4B-00C04F79EFBC}") = "MerchServicio", "MerchServicio\MerchServicio.csproj", "{F628CF14-B602-4D38-A978-478B8942F815}"
EndProject
Global
	GlobalSection(SolutionConfigurationPlatforms) = preSolution
		Debug|Any CPU = Debug|Any CPU
		Release|Any CPU = Release|Any CPU
	EndGlobalSection
	GlobalSection(ProjectConfigurationPlatforms) = postSolution
		{842138EE-6704-4C85-A93D-D89DA4205B91}.Debug|Any CPU.ActiveCfg = Debug|Any CPU
		{842138EE-6704-4C85-A93D-D89DA4205B91}.Debug|Any CPU.Build.0 = Debug|Any CPU
		{842138EE-6704-4C85-A93D-D89DA4205B91}.Release|Any CPU.ActiveCfg = Release|Any CPU
		{842138EE-6704-4C85-A93D-D89DA4205B91}.Release|Any CPU.Build.0 = Release|Any CPU
		{F10A3D27-E95C-4623-B184-8561A81619BE}.Debug|Any CPU.ActiveCfg = Debug|Any CPU
		{F10A3D27-E95C-4623-B184-8561A81619BE}.Debug|Any CPU.Build.0 = Debug|Any CPU
		{F10A3D27-E95C-4623-B184-8561A81619BE}.Release|Any CPU.ActiveCfg = Release|Any CPU
		{F10A3D27-E95C-4623-B184-8561A81619BE}.Release|Any CPU.Build.0 = Release|Any CPU
		{02E00847-ED26-4A9D-84DE-E9C833E30141}.Debug|Any CPU.ActiveCfg = Debug|Any CPU
		{02E00847-ED26-4A9D-84DE-E9C833E30141}.Debug|Any CPU.Build.0 = Debug|Any CPU
		{02E00847-ED26-4A9D-84DE-E9C833E30141}.Release|Any CPU.ActiveCfg = Release|Any CPU
		{02E00847-ED26-4A9D-84DE-E9C833E30141}.Release|Any CPU.Build.0 = Release|Any CPU
		{90FB51A7-0A99-4DE1-92C7-9A16A05B00BC}.Debug|Any CPU.ActiveCfg = Debug|Any CPU
		{90FB51A7-0A99-4DE1-92C7-9A16A05B00BC}.Debug|Any CPU.Build.0 = Debug|Any CPU
		{90FB51A7-0A99-4DE1-92C7-9A16A05B00BC}.Release|Any CPU.ActiveCfg = Release|Any CPU
		{90FB51A7-0A99-4DE1-92C7-9A16A05B00BC}.Release|Any CPU.Build.0 = Release|Any CPU
		{F628CF14-B602-4D38-A978-478B8942F815}.Debug|Any CPU.ActiveCfg = Debug|Any CPU
		{F628CF14-B602-4D38-A978-478B8942F815}.Debug|Any CPU.Build.0 = Debug|Any CPU
		{F628CF14-B602-4D38-A978-478B8942F815}.Release|Any CPU.ActiveCfg = Release|Any CPU
		{F628CF14-B602-4D38-A978-478B8942F815}.Release|Any CPU.Build.0 = Release|Any CPU
	EndGlobalSection
	GlobalSection(SolutionProperties) = preSolution
		HideSolutionNode = FALSE
	EndGlobalSection
EndGlobal
